# This file is automatically @generated by Cargo.
# It is not intended for manual editing.
version = 4

[[package]]
name = "ast"
version = "0.1.0"

[[package]]
name = "gen"
version = "0.1.0"

[[package]]
name = "pine"
version = "0.1.0"
dependencies = [
 "ast",
 "gen",
 "pvm",
]

[[package]]
name = "pvm"
version = "0.1.0"
